
Microsoft Visual Studio Solution File, Format Version 12.00
# Visual Studio 15
VisualStudioVersion = 15.0.28307.902
MinimumVisualStudioVersion = 10.0.40219.1
Project("{9A19103F-16F7-4668-BE54-9A1E7A4F7556}") = "CRM", "CRM\CRM.csproj", "{7F60D54B-55F5-4182-92D4-959676C9ABF7}"
EndProject
Global
	GlobalSection(SolutionConfigurationPlatforms) = preSolution
		Debug|Any CPU = Debug|Any CPU
		Release|Any CPU = Release|Any CPU
	EndGlobalSection
	GlobalSection(ProjectConfigurationPlatforms) = postSolution
		{7F60D54B-55F5-4182-92D4-959676C9ABF7}.Debug|Any CPU.ActiveCfg = Debug|Any CPU
		{7F60D54B-55F5-4182-92D4-959676C9ABF7}.Debug|Any CPU.Build.0 = Debug|Any CPU
		{7F60D54B-55F5-4182-92D4-959676C9ABF7}.Release|Any CPU.ActiveCfg = Release|Any CPU
		{7F60D54B-55F5-4182-92D4-959676C9ABF7}.Release|Any CPU.Build.0 = Release|Any CPU
	EndGlobalSection
	GlobalSection(SolutionProperties) = preSolution
		HideSolutionNode = FALSE
	EndGlobalSection
	GlobalSection(ExtensibilityGlobals) = postSolution
		SolutionGuid = {8BDE6269-6EF2-440C-968D-F7E1F4999B65}
	EndGlobalSection
EndGlobal
